<?xml version="1.0" encoding="utf-8"?>
<Project ToolsVersion="4.0" xmlns="http://schemas.microsoft.com/developer/msbuild/2003">
  <ItemGroup>
    <Filter Include="Headers">
      <UniqueIdentifier>{8b9c31b9-5ca9-41e1-a659-e1b61a730923}</UniqueIdentifier>
    </Filter>
    <Filter Include="Sources">
      <UniqueIdentifier>{fd7254c4-1939-4151-8d92-95308facb61d}</UniqueIdentifier>
    </Filter>
  </ItemGroup>
  <ItemGroup>
    <ClInclude Include="Headers\GLheader.h">
      <Filter>Headers</Filter>
    </ClInclude>
    <ClInclude Include="Headers\RendererGL.h">
      <Filter>Headers</Filter>
    </ClInclude>
    <ClInclude Include="Headers\ShaderGLSL.h">
      <Filter>Headers</Filter>
    </ClInclude>
    <ClInclude Include="Headers\GLTypes.h">
      <Filter>Headers</Filter>
    </ClInclude>
  </ItemGroup>
  <ItemGroup>
    <ClCompile Include="Sources\RendererGL.cpp">
      <Filter>Sources</Filter>
    </ClCompile>
    <ClCompile Include="Sources\ShaderGLSL.cpp">
      <Filter>Sources</Filter>
    </ClCompile>
  </ItemGroup>
</Project>