<?xml version="1.0" encoding="utf-8"?>
<Project ToolsVersion="4.0" xmlns="http://schemas.microsoft.com/developer/msbuild/2003">
  <ItemGroup>
    <Filter Include="Headers">
      <UniqueIdentifier>{58d01e72-111f-48ae-8f74-790107e1f2c2}</UniqueIdentifier>
    </Filter>
    <Filter Include="Soruces">
      <UniqueIdentifier>{47764c06-1693-447c-9d67-39873800be4c}</UniqueIdentifier>
    </Filter>
  </ItemGroup>
  <ItemGroup>
    <ClInclude Include="Headers\game.h">
      <Filter>Headers</Filter>
    </ClInclude>
  </ItemGroup>
  <ItemGroup>
    <ClCompile Include="Sources\game.cpp">
      <Filter>Soruces</Filter>
    </ClCompile>
    <ClCompile Include="Sources\main.cpp">
      <Filter>Soruces</Filter>
    </ClCompile>
  </ItemGroup>
  <ItemGroup>
    <None Include="..\Output\Debug\config.ini" />
  </ItemGroup>
</Project>