<?xml version="1.0" encoding="utf-8"?>
<Project ToolsVersion="4.0" xmlns="http://schemas.microsoft.com/developer/msbuild/2003">
  <ItemGroup>
    <ClInclude Include="Headers\Camera.h">
      <Filter>Headers</Filter>
    </ClInclude>
    <ClInclude Include="Headers\Vertex.h">
      <Filter>Headers</Filter>
    </ClInclude>
    <ClInclude Include="Headers\Config.h">
      <Filter>Headers</Filter>
    </ClInclude>
    <ClInclude Include="Headers\CustomEvent.h">
      <Filter>Headers</Filter>
    </ClInclude>
    <ClInclude Include="Headers\DllLoader.h">
      <Filter>Headers</Filter>
    </ClInclude>
    <ClInclude Include="Headers\Exception.h">
      <Filter>Headers</Filter>
    </ClInclude>
    <ClInclude Include="Headers\File.h">
      <Filter>Headers</Filter>
    </ClInclude>
    <ClInclude Include="Headers\Input.h">
      <Filter>Headers</Filter>
    </ClInclude>
    <ClInclude Include="Headers\KeyBoard.h">
      <Filter>Headers</Filter>
    </ClInclude>
    <ClInclude Include="Headers\Matrix.h">
      <Filter>Headers</Filter>
    </ClInclude>
    <ClInclude Include="Headers\Mouse.h">
      <Filter>Headers</Filter>
    </ClInclude>
    <ClInclude Include="Headers\MyAssert.h">
      <Filter>Headers</Filter>
    </ClInclude>
    <ClInclude Include="Headers\NBE.h">
      <Filter>Headers</Filter>
    </ClInclude>
    <ClInclude Include="Headers\NBEMath.h">
      <Filter>Headers</Filter>
    </ClInclude>
    <ClInclude Include="Headers\NBETimer.h">
      <Filter>Headers</Filter>
    </ClInclude>
    <ClInclude Include="Headers\NBEWindow.h">
      <Filter>Headers</Filter>
    </ClInclude>
    <ClInclude Include="Headers\Node.h">
      <Filter>Headers</Filter>
    </ClInclude>
    <ClInclude Include="Headers\Object.h">
      <Filter>Headers</Filter>
    </ClInclude>
    <ClInclude Include="Headers\Quaternion.h">
      <Filter>Headers</Filter>
    </ClInclude>
    <ClInclude Include="Headers\RendererWindow.h">
      <Filter>Headers</Filter>
    </ClInclude>
    <ClInclude Include="Headers\RenderInfo.h">
      <Filter>Headers</Filter>
    </ClInclude>
    <ClInclude Include="Headers\RenderObject.h">
      <Filter>Headers</Filter>
    </ClInclude>
    <ClInclude Include="Headers\RenderSystem.h">
      <Filter>Headers</Filter>
    </ClInclude>
    <ClInclude Include="Headers\Shader.h">
      <Filter>Headers</Filter>
    </ClInclude>
    <ClInclude Include="Headers\ShaderManager.h">
      <Filter>Headers</Filter>
    </ClInclude>
    <ClInclude Include="Headers\Singleton.h">
      <Filter>Headers</Filter>
    </ClInclude>
    <ClInclude Include="Headers\Texture.h">
      <Filter>Headers</Filter>
    </ClInclude>
    <ClInclude Include="Headers\TextureManager.h">
      <Filter>Headers</Filter>
    </ClInclude>
    <ClInclude Include="Headers\TypeCast.h">
      <Filter>Headers</Filter>
    </ClInclude>
    <ClInclude Include="Headers\Vector2.h">
      <Filter>Headers</Filter>
    </ClInclude>
    <ClInclude Include="Headers\Vector3.h">
      <Filter>Headers</Filter>
    </ClInclude>
    <ClInclude Include="Headers\Vector4.h">
      <Filter>Headers</Filter>
    </ClInclude>
    <ClInclude Include="Headers\RenderTarget.h">
      <Filter>Headers</Filter>
    </ClInclude>
    <ClInclude Include="Headers\Mesh.h">
      <Filter>Headers</Filter>
    </ClInclude>
    <ClInclude Include="Headers\Error.h">
      <Filter>Headers</Filter>
    </ClInclude>
    <ClInclude Include="Headers\DataTypes.h">
      <Filter>Headers</Filter>
    </ClInclude>
    <ClInclude Include="Headers\Constant.h">
      <Filter>Headers</Filter>
    </ClInclude>
    <ClInclude Include="Headers\EventHub.h">
      <Filter>Headers</Filter>
    </ClInclude>
    <ClInclude Include="Headers\Event.h">
      <Filter>Headers</Filter>
    </ClInclude>
    <ClInclude Include="Headers\Log.h">
      <Filter>Headers</Filter>
    </ClInclude>
  </ItemGroup>
  <ItemGroup>
    <Filter Include="Headers">
      <UniqueIdentifier>{3402850d-4e60-4401-a342-0ccfaa4369c2}</UniqueIdentifier>
    </Filter>
    <Filter Include="Sources">
      <UniqueIdentifier>{b0d08aba-2ce4-4c21-913d-533badc540e9}</UniqueIdentifier>
    </Filter>
  </ItemGroup>
  <ItemGroup>
    <ClCompile Include="Sources\Camera.cpp">
      <Filter>Sources</Filter>
    </ClCompile>
    <ClCompile Include="Sources\Config.cpp">
      <Filter>Sources</Filter>
    </ClCompile>
    <ClCompile Include="Sources\Input.cpp">
      <Filter>Sources</Filter>
    </ClCompile>
    <ClCompile Include="Sources\KeyBoard.cpp">
      <Filter>Sources</Filter>
    </ClCompile>
    <ClCompile Include="Sources\Mouse.cpp">
      <Filter>Sources</Filter>
    </ClCompile>
    <ClCompile Include="Sources\Node.cpp">
      <Filter>Sources</Filter>
    </ClCompile>
    <ClCompile Include="Sources\Object.cpp">
      <Filter>Sources</Filter>
    </ClCompile>
    <ClCompile Include="Sources\RenderObject.cpp">
      <Filter>Sources</Filter>
    </ClCompile>
    <ClCompile Include="Sources\ShaderManager.cpp">
      <Filter>Sources</Filter>
    </ClCompile>
    <ClCompile Include="Sources\TextureManager.cpp">
      <Filter>Sources</Filter>
    </ClCompile>
    <ClCompile Include="Sources\NBEWindow.cpp">
      <Filter>Sources</Filter>
    </ClCompile>
    <ClCompile Include="Headers\Mesh.cpp">
      <Filter>Sources</Filter>
    </ClCompile>
    <ClCompile Include="Sources\EventHub.cpp">
      <Filter>Sources</Filter>
    </ClCompile>
  </ItemGroup>
</Project>